// !$*UTF8*$!
{
	archiveVersion = 1;
	classes = {
	};
	objectVersion = 50;
	objects = {

/* Begin PBXBuildFile section */
		0C8EC17B20A7789000104E74 /* AppDelegate.m in Sources */ = {isa = PBXBuildFile; fileRef = 0C8EC17A20A7789000104E74 /* AppDelegate.m */; };
		0C8EC17E20A7789000104E74 /* ViewController.m in Sources */ = {isa = PBXBuildFile; fileRef = 0C8EC17D20A7789000104E74 /* ViewController.m */; };
		0C8EC18120A7789000104E74 /* Main.storyboard in Resources */ = {isa = PBXBuildFile; fileRef = 0C8EC17F20A7789000104E74 /* Main.storyboard */; };
		0C8EC18320A7789100104E74 /* Assets.xcassets in Resources */ = {isa = PBXBuildFile; fileRef = 0C8EC18220A7789100104E74 /* Assets.xcassets */; };
		0C8EC18620A7789100104E74 /* LaunchScreen.storyboard in Resources */ = {isa = PBXBuildFile; fileRef = 0C8EC18420A7789100104E74 /* LaunchScreen.storyboard */; };
		0C8EC18920A7789100104E74 /* main.m in Sources */ = {isa = PBXBuildFile; fileRef = 0C8EC18820A7789100104E74 /* main.m */; };
		0C8EC19320A7789100104E74 /* MutableTests.m in Sources */ = {isa = PBXBuildFile; fileRef = 0C8EC19220A7789100104E74 /* MutableTests.m */; };
		0C8EC19E20A7789100104E74 /* MutableUITests.m in Sources */ = {isa = PBXBuildFile; fileRef = 0C8EC19D20A7789100104E74 /* MutableUITests.m */; };
/* End PBXBuildFile section */

/* Begin PBXContainerItemProxy section */
		0C8EC18F20A7789100104E74 /* PBXContainerItemProxy */ = {
			isa = PBXContainerItemProxy;
			containerPortal = 0C8EC16E20A7789000104E74 /* Project object */;
			proxyType = 1;
			remoteGlobalIDString = 0C8EC17520A7789000104E74;
			remoteInfo = Mutable;
		};
		0C8EC19A20A7789100104E74 /* PBXContainerItemProxy */ = {
			isa = PBXContainerItemProxy;
			containerPortal = 0C8EC16E20A7789000104E74 /* Project object */;
			proxyType = 1;
			remoteGlobalIDString = 0C8EC17520A7789000104E74;
			remoteInfo = Mutable;
		};
/* End PBXContainerItemProxy section */

/* Begin PBXFileReference section */
		0C8EC17620A7789000104E74 /* Mutable.app */ = {isa = PBXFileReference; explicitFileType = wrapper.application; includeInIndex = 0; path = Mutable.app; sourceTree = BUILT_PRODUCTS_DIR; };
		0C8EC17920A7789000104E74 /* AppDelegate.h */ = {isa = PBXFileReference; lastKnownFileType = sourcecode.c.h; path = AppDelegate.h; sourceTree = "<group>"; };
		0C8EC17A20A7789000104E74 /* AppDelegate.m */ = {isa = PBXFileReference; lastKnownFileType = sourcecode.c.objc; path = AppDelegate.m; sourceTree = "<group>"; };
		0C8EC17C20A7789000104E74 /* ViewController.h */ = {isa = PBXFileReference; lastKnownFileType = sourcecode.c.h; path = ViewController.h; sourceTree = "<group>"; };
		0C8EC17D20A7789000104E74 /* ViewController.m */ = {isa = PBXFileReference; lastKnownFileType = sourcecode.c.objc; path = ViewController.m; sourceTree = "<group>"; };
		0C8EC18020A7789000104E74 /* Base */ = {isa = PBXFileReference; lastKnownFileType = file.storyboard; name = Base; path = Base.lproj/Main.storyboard; sourceTree = "<group>"; };
		0C8EC18220A7789100104E74 /* Assets.xcassets */ = {isa = PBXFileReference; lastKnownFileType = folder.assetcatalog; path = Assets.xcassets; sourceTree = "<group>"; };
		0C8EC18520A7789100104E74 /* Base */ = {isa = PBXFileReference; lastKnownFileType = file.storyboard; name = Base; path = Base.lproj/LaunchScreen.storyboard; sourceTree = "<group>"; };
		0C8EC18720A7789100104E74 /* Info.plist */ = {isa = PBXFileReference; lastKnownFileType = text.plist.xml; path = Info.plist; sourceTree = "<group>"; };
		0C8EC18820A7789100104E74 /* main.m */ = {isa = PBXFileReference; lastKnownFileType = sourcecode.c.objc; path = main.m; sourceTree = "<group>"; };
		0C8EC18E20A7789100104E74 /* MutableTests.xctest */ = {isa = PBXFileReference; explicitFileType = wrapper.cfbundle; includeInIndex = 0; path = MutableTests.xctest; sourceTree = BUILT_PRODUCTS_DIR; };
		0C8EC19220A7789100104E74 /* MutableTests.m */ = {isa = PBXFileReference; lastKnownFileType = sourcecode.c.objc; path = MutableTests.m; sourceTree = "<group>"; };
		0C8EC19420A7789100104E74 /* Info.plist */ = {isa = PBXFileReference; lastKnownFileType = text.plist.xml; path = Info.plist; sourceTree = "<group>"; };
		0C8EC19920A7789100104E74 /* MutableUITests.xctest */ = {isa = PBXFileReference; explicitFileType = wrapper.cfbundle; includeInIndex = 0; path = MutableUITests.xctest; sourceTree = BUILT_PRODUCTS_DIR; };
		0C8EC19D20A7789100104E74 /* MutableUITests.m */ = {isa = PBXFileReference; lastKnownFileType = sourcecode.c.objc; path = MutableUITests.m; sourceTree = "<group>"; };
		0C8EC19F20A7789100104E74 /* Info.plist */ = {isa = PBXFileReference; lastKnownFileType = text.plist.xml; path = Info.plist; sourceTree = "<group>"; };
/* End PBXFileReference section */

/* Begin PBXFrameworksBuildPhase section */
		0C8EC17320A7789000104E74 /* Frameworks */ = {
			isa = PBXFrameworksBuildPhase;
			buildActionMask = 2147483647;
			files = (
			);
			runOnlyForDeploymentPostprocessing = 0;
		};
		0C8EC18B20A7789100104E74 /* Frameworks */ = {
			isa = PBXFrameworksBuildPhase;
			buildActionMask = 2147483647;
			files = (
			);
			runOnlyForDeploymentPostprocessing = 0;
		};
		0C8EC19620A7789100104E74 /* Frameworks */ = {
			isa = PBXFrameworksBuildPhase;
			buildActionMask = 2147483647;
			files = (
			);
			runOnlyForDeploymentPostprocessing = 0;
		};
/* End PBXFrameworksBuildPhase section */

/* Begin PBXGroup section */
		0C8EC16D20A7789000104E74 = {
			isa = PBXGroup;
			children = (
				0C8EC17820A7789000104E74 /* Mutable */,
				0C8EC19120A7789100104E74 /* MutableTests */,
				0C8EC19C20A7789100104E74 /* MutableUITests */,
				0C8EC17720A7789000104E74 /* Products */,
			);
			sourceTree = "<group>";
		};
		0C8EC17720A7789000104E74 /* Products */ = {
			isa = PBXGroup;
			children = (
				0C8EC17620A7789000104E74 /* Mutable.app */,
				0C8EC18E20A7789100104E74 /* MutableTests.xctest */,
				0C8EC19920A7789100104E74 /* MutableUITests.xctest */,
			);
			name = Products;
			sourceTree = "<group>";
		};
		0C8EC17820A7789000104E74 /* Mutable */ = {
			isa = PBXGroup;
			children = (
				0C8EC17920A7789000104E74 /* AppDelegate.h */,
				0C8EC17A20A7789000104E74 /* AppDelegate.m */,
				0C8EC17C20A7789000104E74 /* ViewController.h */,
				0C8EC17D20A7789000104E74 /* ViewController.m */,
				0C8EC17F20A7789000104E74 /* Main.storyboard */,
				0C8EC18220A7789100104E74 /* Assets.xcassets */,
				0C8EC18420A7789100104E74 /* LaunchScreen.storyboard */,
				0C8EC18720A7789100104E74 /* Info.plist */,
				0C8EC18820A7789100104E74 /* main.m */,
			);
			path = Mutable;
			sourceTree = "<group>";
		};
		0C8EC19120A7789100104E74 /* MutableTests */ = {
			isa = PBXGroup;
			children = (
				0C8EC19220A7789100104E74 /* MutableTests.m */,
				0C8EC19420A7789100104E74 /* Info.plist */,
			);
			path = MutableTests;
			sourceTree = "<group>";
		};
		0C8EC19C20A7789100104E74 /* MutableUITests */ = {
			isa = PBXGroup;
			children = (
				0C8EC19D20A7789100104E74 /* MutableUITests.m */,
				0C8EC19F20A7789100104E74 /* Info.plist */,
			);
			path = MutableUITests;
			sourceTree = "<group>";
		};
/* End PBXGroup section */

/* Begin PBXNativeTarget section */
		0C8EC17520A7789000104E74 /* Mutable */ = {
			isa = PBXNativeTarget;
			buildConfigurationList = 0C8EC1A220A7789100104E74 /* Build configuration list for PBXNativeTarget "Mutable" */;
			buildPhases = (
				0C8EC17220A7789000104E74 /* Sources */,
				0C8EC17320A7789000104E74 /* Frameworks */,
				0C8EC17420A7789000104E74 /* Resources */,
			);
			buildRules = (
			);
			dependencies = (
			);
			name = Mutable;
			productName = Mutable;
			productReference = 0C8EC17620A7789000104E74 /* Mutable.app */;
			productType = "com.apple.product-type.application";
		};
		0C8EC18D20A7789100104E74 /* MutableTests */ = {
			isa = PBXNativeTarget;
			buildConfigurationList = 0C8EC1A520A7789100104E74 /* Build configuration list for PBXNativeTarget "MutableTests" */;
			buildPhases = (
				0C8EC18A20A7789100104E74 /* Sources */,
				0C8EC18B20A7789100104E74 /* Frameworks */,
				0C8EC18C20A7789100104E74 /* Resources */,
			);
			buildRules = (
			);
			dependencies = (
				0C8EC19020A7789100104E74 /* PBXTargetDependency */,
			);
			name = MutableTests;
			productName = MutableTests;
			productReference = 0C8EC18E20A7789100104E74 /* MutableTests.xctest */;
			productType = "com.apple.product-type.bundle.unit-test";
		};
		0C8EC19820A7789100104E74 /* MutableUITests */ = {
			isa = PBXNativeTarget;
			buildConfigurationList = 0C8EC1A820A7789100104E74 /* Build configuration list for PBXNativeTarget "MutableUITests" */;
			buildPhases = (
				0C8EC19520A7789100104E74 /* Sources */,
				0C8EC19620A7789100104E74 /* Frameworks */,
				0C8EC19720A7789100104E74 /* Resources */,
			);
			buildRules = (
			);
			dependencies = (
				0C8EC19B20A7789100104E74 /* PBXTargetDependency */,
			);
			name = MutableUITests;
			productName = MutableUITests;
			productReference = 0C8EC19920A7789100104E74 /* MutableUITests.xctest */;
			productType = "com.apple.product-type.bundle.ui-testing";
		};
/* End PBXNativeTarget section */

/* Begin PBXProject section */
		0C8EC16E20A7789000104E74 /* Project object */ = {
			isa = PBXProject;
			attributes = {
				LastUpgradeCheck = 0930;
				ORGANIZATIONNAME = "嘚嘚以嘚嘚";
				TargetAttributes = {
					0C8EC17520A7789000104E74 = {
						CreatedOnToolsVersion = 9.3;
					};
					0C8EC18D20A7789100104E74 = {
						CreatedOnToolsVersion = 9.3;
						TestTargetID = 0C8EC17520A7789000104E74;
					};
					0C8EC19820A7789100104E74 = {
						CreatedOnToolsVersion = 9.3;
						TestTargetID = 0C8EC17520A7789000104E74;
					};
				};
			};
			buildConfigurationList = 0C8EC17120A7789000104E74 /* Build configuration list for PBXProject "Mutable" */;
			compatibilityVersion = "Xcode 9.3";
			developmentRegion = en;
			hasScannedForEncodings = 0;
			knownRegions = (
				en,
				Base,
			);
			mainGroup = 0C8EC16D20A7789000104E74;
			productRefGroup = 0C8EC17720A7789000104E74 /* Products */;
			projectDirPath = "";
			projectRoot = "";
			targets = (
				0C8EC17520A7789000104E74 /* Mutable */,
				0C8EC18D20A7789100104E74 /* MutableTests */,
				0C8EC19820A7789100104E74 /* MutableUITests */,
			);
		};
/* End PBXProject section */

/* Begin PBXResourcesBuildPhase section */
		0C8EC17420A7789000104E74 /* Resources */ = {
			isa = PBXResourcesBuildPhase;
			buildActionMask = 2147483647;
			files = (
				0C8EC18620A7789100104E74 /* LaunchScreen.storyboard in Resources */,
				0C8EC18320A7789100104E74 /* Assets.xcassets in Resources */,
				0C8EC18120A7789000104E74 /* Main.storyboard in Resources */,
			);
			runOnlyForDeploymentPostprocessing = 0;
		};
		0C8EC18C20A7789100104E74 /* Resources */ = {
			isa = PBXResourcesBuildPhase;
			buildActionMask = 2147483647;
			files = (
			);
			runOnlyForDeploymentPostprocessing = 0;
		};
		0C8EC19720A7789100104E74 /* Resources */ = {
			isa = PBXResourcesBuildPhase;
			buildActionMask = 2147483647;
			files = (
			);
			runOnlyForDeploymentPostprocessing = 0;
		};
/* End PBXResourcesBuildPhase section */

/* Begin PBXSourcesBuildPhase section */
		0C8EC17220A7789000104E74 /* Sources */ = {
			isa = PBXSourcesBuildPhase;
			buildActionMask = 2147483647;
			files = (
				0C8EC17E20A7789000104E74 /* ViewController.m in Sources */,
				0C8EC18920A7789100104E74 /* main.m in Sources */,
				0C8EC17B20A7789000104E74 /* AppDelegate.m in Sources */,
			);
			runOnlyForDeploymentPostprocessing = 0;
		};
		0C8EC18A20A7789100104E74 /* Sources */ = {
			isa = PBXSourcesBuildPhase;
			buildActionMask = 2147483647;
			files = (
				0C8EC19320A7789100104E74 /* MutableTests.m in Sources */,
			);
			runOnlyForDeploymentPostprocessing = 0;
		};
		0C8EC19520A7789100104E74 /* Sources */ = {
			isa = PBXSourcesBuildPhase;
			buildActionMask = 2147483647;
			files = (
				0C8EC19E20A7789100104E74 /* MutableUITests.m in Sources */,
			);
			runOnlyForDeploymentPostprocessing = 0;
		};
/* End PBXSourcesBuildPhase section */

/* Begin PBXTargetDependency section */
		0C8EC19020A7789100104E74 /* PBXTargetDependency */ = {
			isa = PBXTargetDependency;
			target = 0C8EC17520A7789000104E74 /* Mutable */;
			targetProxy = 0C8EC18F20A7789100104E74 /* PBXContainerItemProxy */;
		};
		0C8EC19B20A7789100104E74 /* PBXTargetDependency */ = {
			isa = PBXTargetDependency;
			target = 0C8EC17520A7789000104E74 /* Mutable */;
			targetProxy = 0C8EC19A20A7789100104E74 /* PBXContainerItemProxy */;
		};
/* End PBXTargetDependency section */

/* Begin PBXVariantGroup section */
		0C8EC17F20A7789000104E74 /* Main.storyboard */ = {
			isa = PBXVariantGroup;
			children = (
				0C8EC18020A7789000104E74 /* Base */,
			);
			name = Main.storyboard;
			sourceTree = "<group>";
		};
		0C8EC18420A7789100104E74 /* LaunchScreen.storyboard */ = {
			isa = PBXVariantGroup;
			children = (
				0C8EC18520A7789100104E74 /* Base */,
			);
			name = LaunchScreen.storyboard;
			sourceTree = "<group>";
		};
/* End PBXVariantGroup section */

/* Begin XCBuildConfiguration section */
		0C8EC1A020A7789100104E74 /* Debug */ = {
			isa = XCBuildConfiguration;
			buildSettings = {
				ALWAYS_SEARCH_USER_PATHS = NO;
				CLANG_ANALYZER_NONNULL = YES;
				CLANG_ANALYZER_NUMBER_OBJECT_CONVERSION = YES_AGGRESSIVE;
				CLANG_CXX_LANGUAGE_STANDARD = "gnu++14";
				CLANG_CXX_LIBRARY = "libc++";
				CLANG_ENABLE_MODULES = YES;
				CLANG_ENABLE_OBJC_ARC = YES;
				CLANG_ENABLE_OBJC_WEAK = YES;
				CLANG_WARN_BLOCK_CAPTURE_AUTORELEASING = YES;
				CLANG_WARN_BOOL_CONVERSION = YES;
				CLANG_WARN_COMMA = YES;
				CLANG_WARN_CONSTANT_CONVERSION = YES;
				CLANG_WARN_DEPRECATED_OBJC_IMPLEMENTATIONS = YES;
				CLANG_WARN_DIRECT_OBJC_ISA_USAGE = YES_ERROR;
				CLANG_WARN_DOCUMENTATION_COMMENTS = YES;
				CLANG_WARN_EMPTY_BODY = YES;
				CLANG_WARN_ENUM_CONVERSION = YES;
				CLANG_WARN_INFINITE_RECURSION = YES;
				CLANG_WARN_INT_CONVERSION = YES;
				CLANG_WARN_NON_LITERAL_NULL_CONVERSION = YES;
				CLANG_WARN_OBJC_IMPLICIT_RETAIN_SELF = YES;
				CLANG_WARN_OBJC_LITERAL_CONVERSION = YES;
				CLANG_WARN_OBJC_ROOT_CLASS = YES_ERROR;
				CLANG_WARN_RANGE_LOOP_ANALYSIS = YES;
				CLANG_WARN_STRICT_PROTOTYPES = YES;
				CLANG_WARN_SUSPICIOUS_MOVE = YES;
				CLANG_WARN_UNGUARDED_AVAILABILITY = YES_AGGRESSIVE;
				CLANG_WARN_UNREACHABLE_CODE = YES;
				CLANG_WARN__DUPLICATE_METHOD_MATCH = YES;
				CODE_SIGN_IDENTITY = "iPhone Developer";
				COPY_PHASE_STRIP = NO;
				DEBUG_INFORMATION_FORMAT = dwarf;
				ENABLE_STRICT_OBJC_MSGSEND = YES;
				ENABLE_TESTABILITY = YES;
				GCC_C_LANGUAGE_STANDARD = gnu11;
				GCC_DYNAMIC_NO_PIC = NO;
				GCC_NO_COMMON_BLOCKS = YES;
				GCC_OPTIMIZATION_LEVEL = 0;
				GCC_PREPROCESSOR_DEFINITIONS = (
					"DEBUG=1",
					"$(inherited)",
				);
				GCC_WARN_64_TO_32_BIT_CONVERSION = YES;
				GCC_WARN_ABOUT_RETURN_TYPE = YES_ERROR;
				GCC_WARN_UNDECLARED_SELECTOR = YES;
				GCC_WARN_UNINITIALIZED_AUTOS = YES_AGGRESSIVE;
				GCC_WARN_UNUSED_FUNCTION = YES;
				GCC_WARN_UNUSED_VARIABLE = YES;
				IPHONEOS_DEPLOYMENT_TARGET = 11.3;
				MTL_ENABLE_DEBUG_INFO = YES;
				ONLY_ACTIVE_ARCH = YES;
				SDKROOT = iphoneos;
			};
			name = Debug;
		};
		0C8EC1A120A7789100104E74 /* Release */ = {
			isa = XCBuildConfiguration;
			buildSettings = {
				ALWAYS_SEARCH_USER_PATHS = NO;
				CLANG_ANALYZER_NONNULL = YES;
				CLANG_ANALYZER_NUMBER_OBJECT_CONVERSION = YES_AGGRESSIVE;
				CLANG_CXX_LANGUAGE_STANDARD = "gnu++14";
				CLANG_CXX_LIBRARY = "libc++";
				CLANG_ENABLE_MODULES = YES;
				CLANG_ENABLE_OBJC_ARC = YES;
				CLANG_ENABLE_OBJC_WEAK = YES;
				CLANG_WARN_BLOCK_CAPTURE_AUTORELEASING = YES;
				CLANG_WARN_BOOL_CONVERSION = YES;
				CLANG_WARN_COMMA = YES;
				CLANG_WARN_CONSTANT_CONVERSION = YES;
				CLANG_WARN_DEPRECATED_OBJC_IMPLEMENTATIONS = YES;
				CLANG_WARN_DIRECT_OBJC_ISA_USAGE = YES_ERROR;
				CLANG_WARN_DOCUMENTATION_COMMENTS = YES;
				CLANG_WARN_EMPTY_BODY = YES;
				CLANG_WARN_ENUM_CONVERSION = YES;
				CLANG_WARN_INFINITE_RECURSION = YES;
				CLANG_WARN_INT_CONVERSION = YES;
				CLANG_WARN_NON_LITERAL_NULL_CONVERSION = YES;
				CLANG_WARN_OBJC_IMPLICIT_RETAIN_SELF = YES;
				CLANG_WARN_OBJC_LITERAL_CONVERSION = YES;
				CLANG_WARN_OBJC_ROOT_CLASS = YES_ERROR;
				CLANG_WARN_RANGE_LOOP_ANALYSIS = YES;
				CLANG_WARN_STRICT_PROTOTYPES = YES;
				CLANG_WARN_SUSPICIOUS_MOVE = YES;
				CLANG_WARN_UNGUARDED_AVAILABILITY = YES_AGGRESSIVE;
				CLANG_WARN_UNREACHABLE_CODE = YES;
				CLANG_WARN__DUPLICATE_METHOD_MATCH = YES;
				CODE_SIGN_IDENTITY = "iPhone Developer";
				COPY_PHASE_STRIP = NO;
				DEBUG_INFORMATION_FORMAT = "dwarf-with-dsym";
				ENABLE_NS_ASSERTIONS = NO;
				ENABLE_STRICT_OBJC_MSGSEND = YES;
				GCC_C_LANGUAGE_STANDARD = gnu11;
				GCC_NO_COMMON_BLOCKS = YES;
				GCC_WARN_64_TO_32_BIT_CONVERSION = YES;
				GCC_WARN_ABOUT_RETURN_TYPE = YES_ERROR;
				GCC_WARN_UNDECLARED_SELECTOR = YES;
				GCC_WARN_UNINITIALIZED_AUTOS = YES_AGGRESSIVE;
				GCC_WARN_UNUSED_FUNCTION = YES;
				GCC_WARN_UNUSED_VARIABLE = YES;
				IPHONEOS_DEPLOYMENT_TARGET = 11.3;
				MTL_ENABLE_DEBUG_INFO = NO;
				SDKROOT = iphoneos;
				VALIDATE_PRODUCT = YES;
			};
			name = Release;
		};
		0C8EC1A320A7789100104E74 /* Debug */ = {
			isa = XCBuildConfiguration;
			buildSettings = {
				ASSETCATALOG_COMPILER_APPICON_NAME = AppIcon;
				CODE_SIGN_STYLE = Automatic;
				DEVELOPMENT_TEAM = F4DH3KVRGU;
				INFOPLIST_FILE = Mutable/Info.plist;
				LD_RUNPATH_SEARCH_PATHS = (
					"$(inherited)",
					"@executable_path/Frameworks",
				);
				PRODUCT_BUNDLE_IDENTIFIER = com.text.Mutable;
				PRODUCT_NAME = "$(TARGET_NAME)";
				TARGETED_DEVICE_FAMILY = "1,2";
			};
			name = Debug;
		};
		0C8EC1A420A7789100104E74 /* Release */ = {
			isa = XCBuildConfiguration;
			buildSettings = {
				ASSETCATALOG_COMPILER_APPICON_NAME = AppIcon;
				CODE_SIGN_STYLE = Automatic;
				DEVELOPMENT_TEAM = F4DH3KVRGU;
				INFOPLIST_FILE = Mutable/Info.plist;
				LD_RUNPATH_SEARCH_PATHS = (
					"$(inherited)",
					"@executable_path/Frameworks",
				);
				PRODUCT_BUNDLE_IDENTIFIER = com.text.Mutable;
				PRODUCT_NAME = "$(TARGET_NAME)";
				TARGETED_DEVICE_FAMILY = "1,2";
			};
			name = Release;
		};
		0C8EC1A620A7789100104E74 /* Debug */ = {
			isa = XCBuildConfiguration;
			buildSettings = {
				BUNDLE_LOADER = "$(TEST_HOST)";
				CODE_SIGN_STYLE = Automatic;
				DEVELOPMENT_TEAM = F4DH3KVRGU;
				INFOPLIST_FILE = MutableTests/Info.plist;
				LD_RUNPATH_SEARCH_PATHS = (
					"$(inherited)",
					"@executable_path/Frameworks",
					"@loader_path/Frameworks",
				);
				PRODUCT_BUNDLE_IDENTIFIER = com.text.MutableTests;
				PRODUCT_NAME = "$(TARGET_NAME)";
				TARGETED_DEVICE_FAMILY = "1,2";
				TEST_HOST = "$(BUILT_PRODUCTS_DIR)/Mutable.app/Mutable";
			};
			name = Debug;
		};
		0C8EC1A720A7789100104E74 /* Release */ = {
			isa = XCBuildConfiguration;
			buildSettings = {
				BUNDLE_LOADER = "$(TEST_HOST)";
				CODE_SIGN_STYLE = Automatic;
				DEVELOPMENT_TEAM = F4DH3KVRGU;
				INFOPLIST_FILE = MutableTests/Info.plist;
				LD_RUNPATH_SEARCH_PATHS = (
					"$(inherited)",
					"@executable_path/Frameworks",
					"@loader_path/Frameworks",
				);
				PRODUCT_BUNDLE_IDENTIFIER = com.text.MutableTests;
				PRODUCT_NAME = "$(TARGET_NAME)";
				TARGETED_DEVICE_FAMILY = "1,2";
				TEST_HOST = "$(BUILT_PRODUCTS_DIR)/Mutable.app/Mutable";
			};
			name = Release;
		};
		0C8EC1A920A7789100104E74 /* Debug */ = {
			isa = XCBuildConfiguration;
			buildSettings = {
				CODE_SIGN_STYLE = Automatic;
				DEVELOPMENT_TEAM = F4DH3KVRGU;
				INFOPLIST_FILE = MutableUITests/Info.plist;
				LD_RUNPATH_SEARCH_PATHS = (
					"$(inherited)",
					"@executable_path/Frameworks",
					"@loader_path/Frameworks",
				);
				PRODUCT_BUNDLE_IDENTIFIER = com.text.MutableUITests;
				PRODUCT_NAME = "$(TARGET_NAME)";
				TARGETED_DEVICE_FAMILY = "1,2";
				TEST_TARGET_NAME = Mutable;
			};
			name = Debug;
		};
		0C8EC1AA20A7789100104E74 /* Release */ = {
			isa = XCBuildConfiguration;
			buildSettings = {
				CODE_SIGN_STYLE = Automatic;
				DEVELOPMENT_TEAM = F4DH3KVRGU;
				INFOPLIST_FILE = MutableUITests/Info.plist;
				LD_RUNPATH_SEARCH_PATHS = (
					"$(inherited)",
					"@executable_path/Frameworks",
					"@loader_path/Frameworks",
				);
				PRODUCT_BUNDLE_IDENTIFIER = com.text.MutableUITests;
				PRODUCT_NAME = "$(TARGET_NAME)";
				TARGETED_DEVICE_FAMILY = "1,2";
				TEST_TARGET_NAME = Mutable;
			};
			name = Release;
		};
/* End XCBuildConfiguration section */

/* Begin XCConfigurationList section */
		0C8EC17120A7789000104E74 /* Build configuration list for PBXProject "Mutable" */ = {
			isa = XCConfigurationList;
			buildConfigurations = (
				0C8EC1A020A7789100104E74 /* Debug */,
				0C8EC1A120A7789100104E74 /* Release */,
			);
			defaultConfigurationIsVisible = 0;
			defaultConfigurationName = Release;
		};
		0C8EC1A220A7789100104E74 /* Build configuration list for PBXNativeTarget "Mutable" */ = {
			isa = XCConfigurationList;
			buildConfigurations = (
				0C8EC1A320A7789100104E74 /* Debug */,
				0C8EC1A420A7789100104E74 /* Release */,
			);
			defaultConfigurationIsVisible = 0;
			defaultConfigurationName = Release;
		};
		0C8EC1A520A7789100104E74 /* Build configuration list for PBXNativeTarget "MutableTests" */ = {
			isa = XCConfigurationList;
			buildConfigurations = (
				0C8EC1A620A7789100104E74 /* Debug */,
				0C8EC1A720A7789100104E74 /* Release */,
			);
			defaultConfigurationIsVisible = 0;
			defaultConfigurationName = Release;
		};
		0C8EC1A820A7789100104E74 /* Build configuration list for PBXNativeTarget "MutableUITests" */ = {
			isa = XCConfigurationList;
			buildConfigurations = (
				0C8EC1A920A7789100104E74 /* Debug */,
				0C8EC1AA20A7789100104E74 /* Release */,
			);
			defaultConfigurationIsVisible = 0;
			defaultConfigurationName = Release;
		};
/* End XCConfigurationList section */
	};
	rootObject = 0C8EC16E20A7789000104E74 /* Project object */;
}
